
Microsoft Visual Studio Solution File, Format Version 12.00
# Visual Studio Version 16
VisualStudioVersion = 16.0.31205.134
MinimumVisualStudioVersion = 10.0.40219.1
Project("{9A19103F-16F7-4668-BE54-9A1E7A4F7556}") = "CipherClient", "CipherClient\CipherClient.csproj", "{3925A6C8-AF0F-4240-8903-139D4A5B5C3D}"
EndProject
Project("{9A19103F-16F7-4668-BE54-9A1E7A4F7556}") = "Cipher", "Cipher\Cipher.csproj", "{42F90741-0B06-4C4D-84CB-34EAAB4C144C}"
EndProject
Project("{FAE04EC0-301F-11D3-BF4B-00C04F79EFBC}") = "Cipher.Tests", "Cipher.Tests\Cipher.Tests.csproj", "{77776816-0C4B-4DF4-901E-E2E5308623D9}"
EndProject
Global
	GlobalSection(SolutionConfigurationPlatforms) = preSolution
		Debug|Any CPU = Debug|Any CPU
		Release|Any CPU = Release|Any CPU
	EndGlobalSection
	GlobalSection(ProjectConfigurationPlatforms) = postSolution
		{3925A6C8-AF0F-4240-8903-139D4A5B5C3D}.Debug|Any CPU.ActiveCfg = Debug|Any CPU
		{3925A6C8-AF0F-4240-8903-139D4A5B5C3D}.Debug|Any CPU.Build.0 = Debug|Any CPU
		{3925A6C8-AF0F-4240-8903-139D4A5B5C3D}.Release|Any CPU.ActiveCfg = Release|Any CPU
		{3925A6C8-AF0F-4240-8903-139D4A5B5C3D}.Release|Any CPU.Build.0 = Release|Any CPU
		{42F90741-0B06-4C4D-84CB-34EAAB4C144C}.Debug|Any CPU.ActiveCfg = Debug|Any CPU
		{42F90741-0B06-4C4D-84CB-34EAAB4C144C}.Debug|Any CPU.Build.0 = Debug|Any CPU
		{42F90741-0B06-4C4D-84CB-34EAAB4C144C}.Release|Any CPU.ActiveCfg = Release|Any CPU
		{42F90741-0B06-4C4D-84CB-34EAAB4C144C}.Release|Any CPU.Build.0 = Release|Any CPU
		{77776816-0C4B-4DF4-901E-E2E5308623D9}.Debug|Any CPU.ActiveCfg = Debug|Any CPU
		{77776816-0C4B-4DF4-901E-E2E5308623D9}.Debug|Any CPU.Build.0 = Debug|Any CPU
		{77776816-0C4B-4DF4-901E-E2E5308623D9}.Release|Any CPU.ActiveCfg = Release|Any CPU
		{77776816-0C4B-4DF4-901E-E2E5308623D9}.Release|Any CPU.Build.0 = Release|Any CPU
	EndGlobalSection
	GlobalSection(SolutionProperties) = preSolution
		HideSolutionNode = FALSE
	EndGlobalSection
	GlobalSection(ExtensibilityGlobals) = postSolution
		SolutionGuid = {037C8887-8C5B-41CC-ABB7-94CED0DA8DFC}
	EndGlobalSection
EndGlobal
